
Microsoft Visual Studio Solution File, Format Version 12.00
# Visual Studio 15
VisualStudioVersion = 15.0.28307.106
MinimumVisualStudioVersion = 10.0.40219.1
Project("{FAE04EC0-301F-11D3-BF4B-00C04F79EFBC}") = "Geppetto", "Geppetto\Geppetto.csproj", "{5C759D3E-91FB-49E3-A961-164AC9FF2F4D}"
EndProject
Global
	GlobalSection(SolutionConfigurationPlatforms) = preSolution
		Debug|Any CPU = Debug|Any CPU
		Release|Any CPU = Release|Any CPU
	EndGlobalSection
	GlobalSection(ProjectConfigurationPlatforms) = postSolution
		{5C759D3E-91FB-49E3-A961-164AC9FF2F4D}.Debug|Any CPU.ActiveCfg = Debug|Any CPU
		{5C759D3E-91FB-49E3-A961-164AC9FF2F4D}.Debug|Any CPU.Build.0 = Debug|Any CPU
		{5C759D3E-91FB-49E3-A961-164AC9FF2F4D}.Release|Any CPU.ActiveCfg = Release|Any CPU
		{5C759D3E-91FB-49E3-A961-164AC9FF2F4D}.Release|Any CPU.Build.0 = Release|Any CPU
	EndGlobalSection
	GlobalSection(SolutionProperties) = preSolution
		HideSolutionNode = FALSE
	EndGlobalSection
	GlobalSection(ExtensibilityGlobals) = postSolution
		SolutionGuid = {D3EDCD86-432F-427C-836D-17F017B60A40}
	EndGlobalSection
EndGlobal
